// !$*UTF8*$!
{
	archiveVersion = 1;
	classes = {
	};
	objectVersion = 56;
	objects = {

/* Begin PBXBuildFile section */
		292D1B72298B1439003F7A6A /* GoogleService-Info.plist in Resources */ = {isa = PBXBuildFile; fileRef = 292D1B71298B1439003F7A6A /* GoogleService-Info.plist */; };
		292D1B75298B1834003F7A6A /* FirebaseFirestore in Frameworks */ = {isa = PBXBuildFile; productRef = 292D1B74298B1834003F7A6A /* FirebaseFirestore */; };
		292D1B77298B1834003F7A6A /* FirebaseStorage in Frameworks */ = {isa = PBXBuildFile; productRef = 292D1B76298B1834003F7A6A /* FirebaseStorage */; };
		292D1B7B298B33D3003F7A6A /* ImageLibrary.swift in Sources */ = {isa = PBXBuildFile; fileRef = 292D1B7A298B33D3003F7A6A /* ImageLibrary.swift */; };
		2962B93029A0B9D800310AFF /* ImagePicker.swift in Sources */ = {isa = PBXBuildFile; fileRef = 2962B92F29A0B9D800310AFF /* ImagePicker.swift */; };
		2962B93229A0C18900310AFF /* MobileNetV2.mlmodel in Sources */ = {isa = PBXBuildFile; fileRef = 2962B93129A0C18900310AFF /* MobileNetV2.mlmodel */; };
		2962B93429A0C1B000310AFF /* Classifier.swift in Sources */ = {isa = PBXBuildFile; fileRef = 2962B93329A0C1B000310AFF /* Classifier.swift */; };
		2962B93629A0C2B900310AFF /* ImageClassifier.swift in Sources */ = {isa = PBXBuildFile; fileRef = 2962B93529A0C2B900310AFF /* ImageClassifier.swift */; };
		3747CE5D299EA49F00B7B5FA /* Profile.swift in Sources */ = {isa = PBXBuildFile; fileRef = 3747CE5C299EA49F00B7B5FA /* Profile.swift */; };
		374BE89C29A7DF4100C425B4 /* Browse.swift in Sources */ = {isa = PBXBuildFile; fileRef = 374BE89B29A7DF4100C425B4 /* Browse.swift */; };
		37688EA5298C361A00682F9F /* Login.swift in Sources */ = {isa = PBXBuildFile; fileRef = 37688EA4298C361A00682F9F /* Login.swift */; };
		37BD935A29C141E0003F01D9 /* DonorSignUp.swift in Sources */ = {isa = PBXBuildFile; fileRef = 37BD935929C141E0003F01D9 /* DonorSignUp.swift */; };
		37BD935E29C148F7003F01D9 /* Results.swift in Sources */ = {isa = PBXBuildFile; fileRef = 37BD935D29C148F7003F01D9 /* Results.swift */; };
		37BD936029C24420003F01D9 /* TagView.swift in Sources */ = {isa = PBXBuildFile; fileRef = 37BD935F29C24420003F01D9 /* TagView.swift */; };
		37BD936229C37F3E003F01D9 /* ProfileSettings.swift in Sources */ = {isa = PBXBuildFile; fileRef = 37BD936129C37F3E003F01D9 /* ProfileSettings.swift */; };
		37BD936429C37FEB003F01D9 /* EditProfile.swift in Sources */ = {isa = PBXBuildFile; fileRef = 37BD936329C37FEB003F01D9 /* EditProfile.swift */; };
		37BD936629C3A02D003F01D9 /* ItemView.swift in Sources */ = {isa = PBXBuildFile; fileRef = 37BD936529C3A02D003F01D9 /* ItemView.swift */; };
		37BD936829C3AA50003F01D9 /* PostUpload.swift in Sources */ = {isa = PBXBuildFile; fileRef = 37BD936729C3AA50003F01D9 /* PostUpload.swift */; };
		37BD936A29C3ADE6003F01D9 /* PostView.swift in Sources */ = {isa = PBXBuildFile; fileRef = 37BD936929C3ADE6003F01D9 /* PostView.swift */; };
		37BD937029C7776C003F01D9 /* WelcomeScreen.swift in Sources */ = {isa = PBXBuildFile; fileRef = 37BD936F29C7776C003F01D9 /* WelcomeScreen.swift */; };
		37BD937229C7970F003F01D9 /* ItemDescription.swift in Sources */ = {isa = PBXBuildFile; fileRef = 37BD937129C7970E003F01D9 /* ItemDescription.swift */; };
		37BFE20F29B111A90065979D /* OrganizationListView.swift in Sources */ = {isa = PBXBuildFile; fileRef = 37BFE20E29B111A90065979D /* OrganizationListView.swift */; };
		37BFE21129B122510065979D /* TagListView.swift in Sources */ = {isa = PBXBuildFile; fileRef = 37BFE21029B122510065979D /* TagListView.swift */; };
		37BFE21929BFE7010065979D /* DonorProfile.swift in Sources */ = {isa = PBXBuildFile; fileRef = 37BFE21829BFE7010065979D /* DonorProfile.swift */; };
		37BFE21B29BFE72C0065979D /* NonprofitProfile.swift in Sources */ = {isa = PBXBuildFile; fileRef = 37BFE21A29BFE72C0065979D /* NonprofitProfile.swift */; };
		37CF3360299DB84E005D788E /* Home.swift in Sources */ = {isa = PBXBuildFile; fileRef = 37CF335F299DB84E005D788E /* Home.swift */; };
		37CF3366299DBEB9005D788E /* NonprofitSignUp.swift in Sources */ = {isa = PBXBuildFile; fileRef = 37CF3365299DBEB9005D788E /* NonprofitSignUp.swift */; };
		37D567F72988596E0004AF45 /* CapstoneApp.swift in Sources */ = {isa = PBXBuildFile; fileRef = 37D567F62988596E0004AF45 /* CapstoneApp.swift */; };
		37D567F92988596E0004AF45 /* ContentView.swift in Sources */ = {isa = PBXBuildFile; fileRef = 37D567F82988596E0004AF45 /* ContentView.swift */; };
		37D567FB298859720004AF45 /* Assets.xcassets in Resources */ = {isa = PBXBuildFile; fileRef = 37D567FA298859720004AF45 /* Assets.xcassets */; };
		37D567FE298859720004AF45 /* Preview Assets.xcassets in Resources */ = {isa = PBXBuildFile; fileRef = 37D567FD298859720004AF45 /* Preview Assets.xcassets */; };
		37D56808298859730004AF45 /* CapstoneTests.swift in Sources */ = {isa = PBXBuildFile; fileRef = 37D56807298859730004AF45 /* CapstoneTests.swift */; };
		37D56812298859730004AF45 /* CapstoneUITests.swift in Sources */ = {isa = PBXBuildFile; fileRef = 37D56811298859730004AF45 /* CapstoneUITests.swift */; };
		37D56814298859730004AF45 /* CapstoneUITestsLaunchTests.swift in Sources */ = {isa = PBXBuildFile; fileRef = 37D56813298859730004AF45 /* CapstoneUITestsLaunchTests.swift */; };
		37F0283E29A2AF12006197A2 /* ImagesView.swift in Sources */ = {isa = PBXBuildFile; fileRef = 37F0283D29A2AF12006197A2 /* ImagesView.swift */; };
		37F0284029A2AF47006197A2 /* UploadView.swift in Sources */ = {isa = PBXBuildFile; fileRef = 37F0283F29A2AF47006197A2 /* UploadView.swift */; };
/* End PBXBuildFile section */

/* Begin PBXContainerItemProxy section */
		37D56804298859730004AF45 /* PBXContainerItemProxy */ = {
			isa = PBXContainerItemProxy;
			containerPortal = 37D567EB2988596E0004AF45 /* Project object */;
			proxyType = 1;
			remoteGlobalIDString = 37D567F22988596E0004AF45;
			remoteInfo = Capstone;
		};
		37D5680E298859730004AF45 /* PBXContainerItemProxy */ = {
			isa = PBXContainerItemProxy;
			containerPortal = 37D567EB2988596E0004AF45 /* Project object */;
			proxyType = 1;
			remoteGlobalIDString = 37D567F22988596E0004AF45;
			remoteInfo = Capstone;
		};
/* End PBXContainerItemProxy section */

/* Begin PBXFileReference section */
		292D1B71298B1439003F7A6A /* GoogleService-Info.plist */ = {isa = PBXFileReference; fileEncoding = 4; lastKnownFileType = text.plist.xml; path = "GoogleService-Info.plist"; sourceTree = "<group>"; };
		292D1B7A298B33D3003F7A6A /* ImageLibrary.swift */ = {isa = PBXFileReference; lastKnownFileType = sourcecode.swift; path = ImageLibrary.swift; sourceTree = "<group>"; };
		2962B92F29A0B9D800310AFF /* ImagePicker.swift */ = {isa = PBXFileReference; lastKnownFileType = sourcecode.swift; path = ImagePicker.swift; sourceTree = "<group>"; };
		2962B93129A0C18900310AFF /* MobileNetV2.mlmodel */ = {isa = PBXFileReference; lastKnownFileType = file.mlmodel; path = MobileNetV2.mlmodel; sourceTree = "<group>"; };
		2962B93329A0C1B000310AFF /* Classifier.swift */ = {isa = PBXFileReference; lastKnownFileType = sourcecode.swift; path = Classifier.swift; sourceTree = "<group>"; };
		2962B93529A0C2B900310AFF /* ImageClassifier.swift */ = {isa = PBXFileReference; lastKnownFileType = sourcecode.swift; path = ImageClassifier.swift; sourceTree = "<group>"; };
		3747CE5C299EA49F00B7B5FA /* Profile.swift */ = {isa = PBXFileReference; lastKnownFileType = sourcecode.swift; path = Profile.swift; sourceTree = "<group>"; };
		374BE89B29A7DF4100C425B4 /* Browse.swift */ = {isa = PBXFileReference; lastKnownFileType = sourcecode.swift; path = Browse.swift; sourceTree = "<group>"; };
		37688EA4298C361A00682F9F /* Login.swift */ = {isa = PBXFileReference; lastKnownFileType = sourcecode.swift; path = Login.swift; sourceTree = "<group>"; };
		37BD935929C141E0003F01D9 /* DonorSignUp.swift */ = {isa = PBXFileReference; lastKnownFileType = sourcecode.swift; path = DonorSignUp.swift; sourceTree = "<group>"; };
		37BD935D29C148F7003F01D9 /* Results.swift */ = {isa = PBXFileReference; lastKnownFileType = sourcecode.swift; path = Results.swift; sourceTree = "<group>"; };
		37BD935F29C24420003F01D9 /* TagView.swift */ = {isa = PBXFileReference; lastKnownFileType = sourcecode.swift; path = TagView.swift; sourceTree = "<group>"; };
		37BD936129C37F3E003F01D9 /* ProfileSettings.swift */ = {isa = PBXFileReference; lastKnownFileType = sourcecode.swift; path = ProfileSettings.swift; sourceTree = "<group>"; };
		37BD936329C37FEB003F01D9 /* EditProfile.swift */ = {isa = PBXFileReference; lastKnownFileType = sourcecode.swift; path = EditProfile.swift; sourceTree = "<group>"; };
		37BD936529C3A02D003F01D9 /* ItemView.swift */ = {isa = PBXFileReference; lastKnownFileType = sourcecode.swift; path = ItemView.swift; sourceTree = "<group>"; };
		37BD936729C3AA50003F01D9 /* PostUpload.swift */ = {isa = PBXFileReference; lastKnownFileType = sourcecode.swift; path = PostUpload.swift; sourceTree = "<group>"; };
		37BD936929C3ADE6003F01D9 /* PostView.swift */ = {isa = PBXFileReference; lastKnownFileType = sourcecode.swift; path = PostView.swift; sourceTree = "<group>"; };
		37BD936F29C7776C003F01D9 /* WelcomeScreen.swift */ = {isa = PBXFileReference; lastKnownFileType = sourcecode.swift; path = WelcomeScreen.swift; sourceTree = "<group>"; };
		37BD937129C7970E003F01D9 /* ItemDescription.swift */ = {isa = PBXFileReference; lastKnownFileType = sourcecode.swift; path = ItemDescription.swift; sourceTree = "<group>"; };
		37BFE20E29B111A90065979D /* OrganizationListView.swift */ = {isa = PBXFileReference; lastKnownFileType = sourcecode.swift; path = OrganizationListView.swift; sourceTree = "<group>"; };
		37BFE21029B122510065979D /* TagListView.swift */ = {isa = PBXFileReference; lastKnownFileType = sourcecode.swift; path = TagListView.swift; sourceTree = "<group>"; };
		37BFE21829BFE7010065979D /* DonorProfile.swift */ = {isa = PBXFileReference; lastKnownFileType = sourcecode.swift; path = DonorProfile.swift; sourceTree = "<group>"; };
		37BFE21A29BFE72C0065979D /* NonprofitProfile.swift */ = {isa = PBXFileReference; lastKnownFileType = sourcecode.swift; path = NonprofitProfile.swift; sourceTree = "<group>"; };
		37CF335F299DB84E005D788E /* Home.swift */ = {isa = PBXFileReference; lastKnownFileType = sourcecode.swift; path = Home.swift; sourceTree = "<group>"; };
		37CF3365299DBEB9005D788E /* NonprofitSignUp.swift */ = {isa = PBXFileReference; lastKnownFileType = sourcecode.swift; path = NonprofitSignUp.swift; sourceTree = "<group>"; };
		37D567F32988596E0004AF45 /* Capstone.app */ = {isa = PBXFileReference; explicitFileType = wrapper.application; includeInIndex = 0; path = Capstone.app; sourceTree = BUILT_PRODUCTS_DIR; };
		37D567F62988596E0004AF45 /* CapstoneApp.swift */ = {isa = PBXFileReference; lastKnownFileType = sourcecode.swift; path = CapstoneApp.swift; sourceTree = "<group>"; };
		37D567F82988596E0004AF45 /* ContentView.swift */ = {isa = PBXFileReference; lastKnownFileType = sourcecode.swift; path = ContentView.swift; sourceTree = "<group>"; };
		37D567FA298859720004AF45 /* Assets.xcassets */ = {isa = PBXFileReference; lastKnownFileType = folder.assetcatalog; path = Assets.xcassets; sourceTree = "<group>"; };
		37D567FD298859720004AF45 /* Preview Assets.xcassets */ = {isa = PBXFileReference; lastKnownFileType = folder.assetcatalog; path = "Preview Assets.xcassets"; sourceTree = "<group>"; };
		37D56803298859730004AF45 /* CapstoneTests.xctest */ = {isa = PBXFileReference; explicitFileType = wrapper.cfbundle; includeInIndex = 0; path = CapstoneTests.xctest; sourceTree = BUILT_PRODUCTS_DIR; };
		37D56807298859730004AF45 /* CapstoneTests.swift */ = {isa = PBXFileReference; lastKnownFileType = sourcecode.swift; path = CapstoneTests.swift; sourceTree = "<group>"; };
		37D5680D298859730004AF45 /* CapstoneUITests.xctest */ = {isa = PBXFileReference; explicitFileType = wrapper.cfbundle; includeInIndex = 0; path = CapstoneUITests.xctest; sourceTree = BUILT_PRODUCTS_DIR; };
		37D56811298859730004AF45 /* CapstoneUITests.swift */ = {isa = PBXFileReference; lastKnownFileType = sourcecode.swift; path = CapstoneUITests.swift; sourceTree = "<group>"; };
		37D56813298859730004AF45 /* CapstoneUITestsLaunchTests.swift */ = {isa = PBXFileReference; lastKnownFileType = sourcecode.swift; path = CapstoneUITestsLaunchTests.swift; sourceTree = "<group>"; };
		37F0283D29A2AF12006197A2 /* ImagesView.swift */ = {isa = PBXFileReference; lastKnownFileType = sourcecode.swift; path = ImagesView.swift; sourceTree = "<group>"; };
		37F0283F29A2AF47006197A2 /* UploadView.swift */ = {isa = PBXFileReference; lastKnownFileType = sourcecode.swift; path = UploadView.swift; sourceTree = "<group>"; };
/* End PBXFileReference section */

/* Begin PBXFrameworksBuildPhase section */
		37D567F02988596E0004AF45 /* Frameworks */ = {
			isa = PBXFrameworksBuildPhase;
			buildActionMask = 2147483647;
			files = (
				292D1B75298B1834003F7A6A /* FirebaseFirestore in Frameworks */,
				292D1B77298B1834003F7A6A /* FirebaseStorage in Frameworks */,
			);
			runOnlyForDeploymentPostprocessing = 0;
		};
		37D56800298859730004AF45 /* Frameworks */ = {
			isa = PBXFrameworksBuildPhase;
			buildActionMask = 2147483647;
			files = (
			);
			runOnlyForDeploymentPostprocessing = 0;
		};
		37D5680A298859730004AF45 /* Frameworks */ = {
			isa = PBXFrameworksBuildPhase;
			buildActionMask = 2147483647;
			files = (
			);
			runOnlyForDeploymentPostprocessing = 0;
		};
/* End PBXFrameworksBuildPhase section */

/* Begin PBXGroup section */
		37BD937329C7B595003F01D9 /* Browsing */ = {
			isa = PBXGroup;
			children = (
				37BFE20E29B111A90065979D /* OrganizationListView.swift */,
				374BE89B29A7DF4100C425B4 /* Browse.swift */,
				37BD935F29C24420003F01D9 /* TagView.swift */,
				37BFE21029B122510065979D /* TagListView.swift */,
			);
			name = Browsing;
			sourceTree = "<group>";
		};
		37BFE21629BFE6BA0065979D /* Images */ = {
			isa = PBXGroup;
			children = (
				37F0283F29A2AF47006197A2 /* UploadView.swift */,
				2962B92F29A0B9D800310AFF /* ImagePicker.swift */,
				37BD936529C3A02D003F01D9 /* ItemView.swift */,
				37BD937129C7970E003F01D9 /* ItemDescription.swift */,
				2962B93329A0C1B000310AFF /* Classifier.swift */,
				292D1B7A298B33D3003F7A6A /* ImageLibrary.swift */,
				37F0283D29A2AF12006197A2 /* ImagesView.swift */,
				2962B93529A0C2B900310AFF /* ImageClassifier.swift */,
			);
			name = Images;
			sourceTree = "<group>";
		};
		37BFE21729BFE6DB0065979D /* Users */ = {
			isa = PBXGroup;
			children = (
				37CF3365299DBEB9005D788E /* NonprofitSignUp.swift */,
				37BD936129C37F3E003F01D9 /* ProfileSettings.swift */,
				37BD935929C141E0003F01D9 /* DonorSignUp.swift */,
				37688EA4298C361A00682F9F /* Login.swift */,
				37BD936329C37FEB003F01D9 /* EditProfile.swift */,
				37BFE21829BFE7010065979D /* DonorProfile.swift */,
				3747CE5C299EA49F00B7B5FA /* Profile.swift */,
				37BFE21A29BFE72C0065979D /* NonprofitProfile.swift */,
			);
			name = Users;
			sourceTree = "<group>";
		};
		37D567EA2988596E0004AF45 = {
			isa = PBXGroup;
			children = (
				37D567F52988596E0004AF45 /* Capstone */,
				37D56806298859730004AF45 /* CapstoneTests */,
				37D56810298859730004AF45 /* CapstoneUITests */,
				37D567F42988596E0004AF45 /* Products */,
			);
			sourceTree = "<group>";
		};
		37D567F42988596E0004AF45 /* Products */ = {
			isa = PBXGroup;
			children = (
				37D567F32988596E0004AF45 /* Capstone.app */,
				37D56803298859730004AF45 /* CapstoneTests.xctest */,
				37D5680D298859730004AF45 /* CapstoneUITests.xctest */,
			);
			name = Products;
			sourceTree = "<group>";
		};
		37D567F52988596E0004AF45 /* Capstone */ = {
			isa = PBXGroup;
			children = (
				2962B93129A0C18900310AFF /* MobileNetV2.mlmodel */,
				292D1B71298B1439003F7A6A /* GoogleService-Info.plist */,
				37D567F62988596E0004AF45 /* CapstoneApp.swift */,
				37D567F82988596E0004AF45 /* ContentView.swift */,
				37CF335F299DB84E005D788E /* Home.swift */,
				37BD935D29C148F7003F01D9 /* Results.swift */,
				37BD936F29C7776C003F01D9 /* WelcomeScreen.swift */,
				37BD936729C3AA50003F01D9 /* PostUpload.swift */,
				37BD936929C3ADE6003F01D9 /* PostView.swift */,
				37BD937329C7B595003F01D9 /* Browsing */,
				37BFE21629BFE6BA0065979D /* Images */,
				37BFE21729BFE6DB0065979D /* Users */,
				37D567FA298859720004AF45 /* Assets.xcassets */,
				37D567FC298859720004AF45 /* Preview Content */,
			);
			path = Capstone;
			sourceTree = "<group>";
		};
		37D567FC298859720004AF45 /* Preview Content */ = {
			isa = PBXGroup;
			children = (
				37D567FD298859720004AF45 /* Preview Assets.xcassets */,
			);
			path = "Preview Content";
			sourceTree = "<group>";
		};
		37D56806298859730004AF45 /* CapstoneTests */ = {
			isa = PBXGroup;
			children = (
				37D56807298859730004AF45 /* CapstoneTests.swift */,
			);
			path = CapstoneTests;
			sourceTree = "<group>";
		};
		37D56810298859730004AF45 /* CapstoneUITests */ = {
			isa = PBXGroup;
			children = (
				37D56811298859730004AF45 /* CapstoneUITests.swift */,
				37D56813298859730004AF45 /* CapstoneUITestsLaunchTests.swift */,
			);
			path = CapstoneUITests;
			sourceTree = "<group>";
		};
/* End PBXGroup section */

/* Begin PBXNativeTarget section */
		37D567F22988596E0004AF45 /* Capstone */ = {
			isa = PBXNativeTarget;
			buildConfigurationList = 37D56817298859730004AF45 /* Build configuration list for PBXNativeTarget "Capstone" */;
			buildPhases = (
				37D567EF2988596E0004AF45 /* Sources */,
				37D567F02988596E0004AF45 /* Frameworks */,
				37D567F12988596E0004AF45 /* Resources */,
			);
			buildRules = (
			);
			dependencies = (
			);
			name = Capstone;
			packageProductDependencies = (
				292D1B74298B1834003F7A6A /* FirebaseFirestore */,
				292D1B76298B1834003F7A6A /* FirebaseStorage */,
			);
			productName = Capstone;
			productReference = 37D567F32988596E0004AF45 /* Capstone.app */;
			productType = "com.apple.product-type.application";
		};
		37D56802298859730004AF45 /* CapstoneTests */ = {
			isa = PBXNativeTarget;
			buildConfigurationList = 37D5681A298859730004AF45 /* Build configuration list for PBXNativeTarget "CapstoneTests" */;
			buildPhases = (
				37D567FF298859730004AF45 /* Sources */,
				37D56800298859730004AF45 /* Frameworks */,
				37D56801298859730004AF45 /* Resources */,
			);
			buildRules = (
			);
			dependencies = (
				37D56805298859730004AF45 /* PBXTargetDependency */,
			);
			name = CapstoneTests;
			productName = CapstoneTests;
			productReference = 37D56803298859730004AF45 /* CapstoneTests.xctest */;
			productType = "com.apple.product-type.bundle.unit-test";
		};
		37D5680C298859730004AF45 /* CapstoneUITests */ = {
			isa = PBXNativeTarget;
			buildConfigurationList = 37D5681D298859730004AF45 /* Build configuration list for PBXNativeTarget "CapstoneUITests" */;
			buildPhases = (
				37D56809298859730004AF45 /* Sources */,
				37D5680A298859730004AF45 /* Frameworks */,
				37D5680B298859730004AF45 /* Resources */,
			);
			buildRules = (
			);
			dependencies = (
				37D5680F298859730004AF45 /* PBXTargetDependency */,
			);
			name = CapstoneUITests;
			productName = CapstoneUITests;
			productReference = 37D5680D298859730004AF45 /* CapstoneUITests.xctest */;
			productType = "com.apple.product-type.bundle.ui-testing";
		};
/* End PBXNativeTarget section */

/* Begin PBXProject section */
		37D567EB2988596E0004AF45 /* Project object */ = {
			isa = PBXProject;
			attributes = {
				BuildIndependentTargetsInParallel = 1;
				LastSwiftUpdateCheck = 1420;
				LastUpgradeCheck = 1420;
				TargetAttributes = {
					37D567F22988596E0004AF45 = {
						CreatedOnToolsVersion = 14.2;
					};
					37D56802298859730004AF45 = {
						CreatedOnToolsVersion = 14.2;
						TestTargetID = 37D567F22988596E0004AF45;
					};
					37D5680C298859730004AF45 = {
						CreatedOnToolsVersion = 14.2;
						TestTargetID = 37D567F22988596E0004AF45;
					};
				};
			};
			buildConfigurationList = 37D567EE2988596E0004AF45 /* Build configuration list for PBXProject "Capstone" */;
			compatibilityVersion = "Xcode 14.0";
			developmentRegion = en;
			hasScannedForEncodings = 0;
			knownRegions = (
				en,
				Base,
			);
			mainGroup = 37D567EA2988596E0004AF45;
			packageReferences = (
				292D1B73298B1834003F7A6A /* XCRemoteSwiftPackageReference "firebase-ios-sdk" */,
			);
			productRefGroup = 37D567F42988596E0004AF45 /* Products */;
			projectDirPath = "";
			projectRoot = "";
			targets = (
				37D567F22988596E0004AF45 /* Capstone */,
				37D56802298859730004AF45 /* CapstoneTests */,
				37D5680C298859730004AF45 /* CapstoneUITests */,
			);
		};
/* End PBXProject section */

/* Begin PBXResourcesBuildPhase section */
		37D567F12988596E0004AF45 /* Resources */ = {
			isa = PBXResourcesBuildPhase;
			buildActionMask = 2147483647;
			files = (
				37D567FE298859720004AF45 /* Preview Assets.xcassets in Resources */,
				37D567FB298859720004AF45 /* Assets.xcassets in Resources */,
				292D1B72298B1439003F7A6A /* GoogleService-Info.plist in Resources */,
			);
			runOnlyForDeploymentPostprocessing = 0;
		};
		37D56801298859730004AF45 /* Resources */ = {
			isa = PBXResourcesBuildPhase;
			buildActionMask = 2147483647;
			files = (
			);
			runOnlyForDeploymentPostprocessing = 0;
		};
		37D5680B298859730004AF45 /* Resources */ = {
			isa = PBXResourcesBuildPhase;
			buildActionMask = 2147483647;
			files = (
			);
			runOnlyForDeploymentPostprocessing = 0;
		};
/* End PBXResourcesBuildPhase section */

/* Begin PBXSourcesBuildPhase section */
		37D567EF2988596E0004AF45 /* Sources */ = {
			isa = PBXSourcesBuildPhase;
			buildActionMask = 2147483647;
			files = (
				37D567F92988596E0004AF45 /* ContentView.swift in Sources */,
				37BFE21929BFE7010065979D /* DonorProfile.swift in Sources */,
				37BFE20F29B111A90065979D /* OrganizationListView.swift in Sources */,
				37BD935E29C148F7003F01D9 /* Results.swift in Sources */,
				3747CE5D299EA49F00B7B5FA /* Profile.swift in Sources */,
				292D1B7B298B33D3003F7A6A /* ImageLibrary.swift in Sources */,
				37BD936829C3AA50003F01D9 /* PostUpload.swift in Sources */,
				2962B93029A0B9D800310AFF /* ImagePicker.swift in Sources */,
				2962B93629A0C2B900310AFF /* ImageClassifier.swift in Sources */,
				37BD936629C3A02D003F01D9 /* ItemView.swift in Sources */,
				37D567F72988596E0004AF45 /* CapstoneApp.swift in Sources */,
				37688EA5298C361A00682F9F /* Login.swift in Sources */,
				37CF3360299DB84E005D788E /* Home.swift in Sources */,
				37BD936429C37FEB003F01D9 /* EditProfile.swift in Sources */,
				37BFE21B29BFE72C0065979D /* NonprofitProfile.swift in Sources */,
				37BD937229C7970F003F01D9 /* ItemDescription.swift in Sources */,
				37BD936029C24420003F01D9 /* TagView.swift in Sources */,
				2962B93429A0C1B000310AFF /* Classifier.swift in Sources */,
				37BD937029C7776C003F01D9 /* WelcomeScreen.swift in Sources */,
				37BFE21129B122510065979D /* TagListView.swift in Sources */,
				37F0283E29A2AF12006197A2 /* ImagesView.swift in Sources */,
				37BD936229C37F3E003F01D9 /* ProfileSettings.swift in Sources */,
				37F0284029A2AF47006197A2 /* UploadView.swift in Sources */,
				37BD935A29C141E0003F01D9 /* DonorSignUp.swift in Sources */,
				2962B93229A0C18900310AFF /* MobileNetV2.mlmodel in Sources */,
				374BE89C29A7DF4100C425B4 /* Browse.swift in Sources */,
				37BD936A29C3ADE6003F01D9 /* PostView.swift in Sources */,
				37CF3366299DBEB9005D788E /* NonprofitSignUp.swift in Sources */,
			);
			runOnlyForDeploymentPostprocessing = 0;
		};
		37D567FF298859730004AF45 /* Sources */ = {
			isa = PBXSourcesBuildPhase;
			buildActionMask = 2147483647;
			files = (
				37D56808298859730004AF45 /* CapstoneTests.swift in Sources */,
			);
			runOnlyForDeploymentPostprocessing = 0;
		};
		37D56809298859730004AF45 /* Sources */ = {
			isa = PBXSourcesBuildPhase;
			buildActionMask = 2147483647;
			files = (
				37D56814298859730004AF45 /* CapstoneUITestsLaunchTests.swift in Sources */,
				37D56812298859730004AF45 /* CapstoneUITests.swift in Sources */,
			);
			runOnlyForDeploymentPostprocessing = 0;
		};
/* End PBXSourcesBuildPhase section */

/* Begin PBXTargetDependency section */
		37D56805298859730004AF45 /* PBXTargetDependency */ = {
			isa = PBXTargetDependency;
			target = 37D567F22988596E0004AF45 /* Capstone */;
			targetProxy = 37D56804298859730004AF45 /* PBXContainerItemProxy */;
		};
		37D5680F298859730004AF45 /* PBXTargetDependency */ = {
			isa = PBXTargetDependency;
			target = 37D567F22988596E0004AF45 /* Capstone */;
			targetProxy = 37D5680E298859730004AF45 /* PBXContainerItemProxy */;
		};
/* End PBXTargetDependency section */

/* Begin XCBuildConfiguration section */
		37D56815298859730004AF45 /* Debug */ = {
			isa = XCBuildConfiguration;
			buildSettings = {
				ALWAYS_SEARCH_USER_PATHS = NO;
				CLANG_ANALYZER_NONNULL = YES;
				CLANG_ANALYZER_NUMBER_OBJECT_CONVERSION = YES_AGGRESSIVE;
				CLANG_CXX_LANGUAGE_STANDARD = "gnu++20";
				CLANG_ENABLE_MODULES = YES;
				CLANG_ENABLE_OBJC_ARC = YES;
				CLANG_ENABLE_OBJC_WEAK = YES;
				CLANG_WARN_BLOCK_CAPTURE_AUTORELEASING = YES;
				CLANG_WARN_BOOL_CONVERSION = YES;
				CLANG_WARN_COMMA = YES;
				CLANG_WARN_CONSTANT_CONVERSION = YES;
				CLANG_WARN_DEPRECATED_OBJC_IMPLEMENTATIONS = YES;
				CLANG_WARN_DIRECT_OBJC_ISA_USAGE = YES_ERROR;
				CLANG_WARN_DOCUMENTATION_COMMENTS = YES;
				CLANG_WARN_EMPTY_BODY = YES;
				CLANG_WARN_ENUM_CONVERSION = YES;
				CLANG_WARN_INFINITE_RECURSION = YES;
				CLANG_WARN_INT_CONVERSION = YES;
				CLANG_WARN_NON_LITERAL_NULL_CONVERSION = YES;
				CLANG_WARN_OBJC_IMPLICIT_RETAIN_SELF = YES;
				CLANG_WARN_OBJC_LITERAL_CONVERSION = YES;
				CLANG_WARN_OBJC_ROOT_CLASS = YES_ERROR;
				CLANG_WARN_QUOTED_INCLUDE_IN_FRAMEWORK_HEADER = YES;
				CLANG_WARN_RANGE_LOOP_ANALYSIS = YES;
				CLANG_WARN_STRICT_PROTOTYPES = YES;
				CLANG_WARN_SUSPICIOUS_MOVE = YES;
				CLANG_WARN_UNGUARDED_AVAILABILITY = YES_AGGRESSIVE;
				CLANG_WARN_UNREACHABLE_CODE = YES;
				CLANG_WARN__DUPLICATE_METHOD_MATCH = YES;
				COPY_PHASE_STRIP = NO;
				DEBUG_INFORMATION_FORMAT = dwarf;
				ENABLE_STRICT_OBJC_MSGSEND = YES;
				ENABLE_TESTABILITY = YES;
				GCC_C_LANGUAGE_STANDARD = gnu11;
				GCC_DYNAMIC_NO_PIC = NO;
				GCC_NO_COMMON_BLOCKS = YES;
				GCC_OPTIMIZATION_LEVEL = 0;
				GCC_PREPROCESSOR_DEFINITIONS = (
					"DEBUG=1",
					"$(inherited)",
				);
				GCC_WARN_64_TO_32_BIT_CONVERSION = YES;
				GCC_WARN_ABOUT_RETURN_TYPE = YES_ERROR;
				GCC_WARN_UNDECLARED_SELECTOR = YES;
				GCC_WARN_UNINITIALIZED_AUTOS = YES_AGGRESSIVE;
				GCC_WARN_UNUSED_FUNCTION = YES;
				GCC_WARN_UNUSED_VARIABLE = YES;
				IPHONEOS_DEPLOYMENT_TARGET = 16.2;
				MTL_ENABLE_DEBUG_INFO = INCLUDE_SOURCE;
				MTL_FAST_MATH = YES;
				ONLY_ACTIVE_ARCH = YES;
				SDKROOT = iphoneos;
				SWIFT_ACTIVE_COMPILATION_CONDITIONS = DEBUG;
				SWIFT_OPTIMIZATION_LEVEL = "-Onone";
			};
			name = Debug;
		};
		37D56816298859730004AF45 /* Release */ = {
			isa = XCBuildConfiguration;
			buildSettings = {
				ALWAYS_SEARCH_USER_PATHS = NO;
				CLANG_ANALYZER_NONNULL = YES;
				CLANG_ANALYZER_NUMBER_OBJECT_CONVERSION = YES_AGGRESSIVE;
				CLANG_CXX_LANGUAGE_STANDARD = "gnu++20";
				CLANG_ENABLE_MODULES = YES;
				CLANG_ENABLE_OBJC_ARC = YES;
				CLANG_ENABLE_OBJC_WEAK = YES;
				CLANG_WARN_BLOCK_CAPTURE_AUTORELEASING = YES;
				CLANG_WARN_BOOL_CONVERSION = YES;
				CLANG_WARN_COMMA = YES;
				CLANG_WARN_CONSTANT_CONVERSION = YES;
				CLANG_WARN_DEPRECATED_OBJC_IMPLEMENTATIONS = YES;
				CLANG_WARN_DIRECT_OBJC_ISA_USAGE = YES_ERROR;
				CLANG_WARN_DOCUMENTATION_COMMENTS = YES;
				CLANG_WARN_EMPTY_BODY = YES;
				CLANG_WARN_ENUM_CONVERSION = YES;
				CLANG_WARN_INFINITE_RECURSION = YES;
				CLANG_WARN_INT_CONVERSION = YES;
				CLANG_WARN_NON_LITERAL_NULL_CONVERSION = YES;
				CLANG_WARN_OBJC_IMPLICIT_RETAIN_SELF = YES;
				CLANG_WARN_OBJC_LITERAL_CONVERSION = YES;
				CLANG_WARN_OBJC_ROOT_CLASS = YES_ERROR;
				CLANG_WARN_QUOTED_INCLUDE_IN_FRAMEWORK_HEADER = YES;
				CLANG_WARN_RANGE_LOOP_ANALYSIS = YES;
				CLANG_WARN_STRICT_PROTOTYPES = YES;
				CLANG_WARN_SUSPICIOUS_MOVE = YES;
				CLANG_WARN_UNGUARDED_AVAILABILITY = YES_AGGRESSIVE;
				CLANG_WARN_UNREACHABLE_CODE = YES;
				CLANG_WARN__DUPLICATE_METHOD_MATCH = YES;
				COPY_PHASE_STRIP = NO;
				DEBUG_INFORMATION_FORMAT = "dwarf-with-dsym";
				ENABLE_NS_ASSERTIONS = NO;
				ENABLE_STRICT_OBJC_MSGSEND = YES;
				GCC_C_LANGUAGE_STANDARD = gnu11;
				GCC_NO_COMMON_BLOCKS = YES;
				GCC_WARN_64_TO_32_BIT_CONVERSION = YES;
				GCC_WARN_ABOUT_RETURN_TYPE = YES_ERROR;
				GCC_WARN_UNDECLARED_SELECTOR = YES;
				GCC_WARN_UNINITIALIZED_AUTOS = YES_AGGRESSIVE;
				GCC_WARN_UNUSED_FUNCTION = YES;
				GCC_WARN_UNUSED_VARIABLE = YES;
				IPHONEOS_DEPLOYMENT_TARGET = 16.2;
				MTL_ENABLE_DEBUG_INFO = NO;
				MTL_FAST_MATH = YES;
				SDKROOT = iphoneos;
				SWIFT_COMPILATION_MODE = wholemodule;
				SWIFT_OPTIMIZATION_LEVEL = "-O";
				VALIDATE_PRODUCT = YES;
			};
			name = Release;
		};
		37D56818298859730004AF45 /* Debug */ = {
			isa = XCBuildConfiguration;
			buildSettings = {
				ASSETCATALOG_COMPILER_APPICON_NAME = AppIcon;
				ASSETCATALOG_COMPILER_GLOBAL_ACCENT_COLOR_NAME = AccentColor;
				CODE_SIGN_STYLE = Automatic;
				CURRENT_PROJECT_VERSION = 1;
				DEVELOPMENT_ASSET_PATHS = "\"Capstone/Preview Content\"";
				DEVELOPMENT_TEAM = GH68HAGCKH;
				ENABLE_PREVIEWS = YES;
				GENERATE_INFOPLIST_FILE = YES;
				INFOPLIST_KEY_NSCameraUsageDescription = "Use camera to take a picture";
				INFOPLIST_KEY_UIApplicationSceneManifest_Generation = YES;
				INFOPLIST_KEY_UIApplicationSupportsIndirectInputEvents = YES;
				INFOPLIST_KEY_UILaunchScreen_Generation = YES;
				INFOPLIST_KEY_UISupportedInterfaceOrientations_iPad = "UIInterfaceOrientationPortrait UIInterfaceOrientationPortraitUpsideDown UIInterfaceOrientationLandscapeLeft UIInterfaceOrientationLandscapeRight";
				INFOPLIST_KEY_UISupportedInterfaceOrientations_iPhone = "UIInterfaceOrientationPortrait UIInterfaceOrientationLandscapeLeft UIInterfaceOrientationLandscapeRight";
				LD_RUNPATH_SEARCH_PATHS = (
					"$(inherited)",
					"@executable_path/Frameworks",
				);
				MARKETING_VERSION = 1.0;
				PRODUCT_BUNDLE_IDENTIFIER = Tipton.Capstone;
				PRODUCT_NAME = "$(TARGET_NAME)";
				SWIFT_EMIT_LOC_STRINGS = YES;
				SWIFT_VERSION = 5.0;
				TARGETED_DEVICE_FAMILY = "1,2";
			};
			name = Debug;
		};
		37D56819298859730004AF45 /* Release */ = {
			isa = XCBuildConfiguration;
			buildSettings = {
				ASSETCATALOG_COMPILER_APPICON_NAME = AppIcon;
				ASSETCATALOG_COMPILER_GLOBAL_ACCENT_COLOR_NAME = AccentColor;
				CODE_SIGN_STYLE = Automatic;
				CURRENT_PROJECT_VERSION = 1;
				DEVELOPMENT_ASSET_PATHS = "\"Capstone/Preview Content\"";
				DEVELOPMENT_TEAM = GH68HAGCKH;
				ENABLE_PREVIEWS = YES;
				GENERATE_INFOPLIST_FILE = YES;
				INFOPLIST_KEY_NSCameraUsageDescription = "Use camera to take a picture";
				INFOPLIST_KEY_UIApplicationSceneManifest_Generation = YES;
				INFOPLIST_KEY_UIApplicationSupportsIndirectInputEvents = YES;
				INFOPLIST_KEY_UILaunchScreen_Generation = YES;
				INFOPLIST_KEY_UISupportedInterfaceOrientations_iPad = "UIInterfaceOrientationPortrait UIInterfaceOrientationPortraitUpsideDown UIInterfaceOrientationLandscapeLeft UIInterfaceOrientationLandscapeRight";
				INFOPLIST_KEY_UISupportedInterfaceOrientations_iPhone = "UIInterfaceOrientationPortrait UIInterfaceOrientationLandscapeLeft UIInterfaceOrientationLandscapeRight";
				LD_RUNPATH_SEARCH_PATHS = (
					"$(inherited)",
					"@executable_path/Frameworks",
				);
				MARKETING_VERSION = 1.0;
				PRODUCT_BUNDLE_IDENTIFIER = Tipton.Capstone;
				PRODUCT_NAME = "$(TARGET_NAME)";
				SWIFT_EMIT_LOC_STRINGS = YES;
				SWIFT_VERSION = 5.0;
				TARGETED_DEVICE_FAMILY = "1,2";
			};
			name = Release;
		};
		37D5681B298859730004AF45 /* Debug */ = {
			isa = XCBuildConfiguration;
			buildSettings = {
				ALWAYS_EMBED_SWIFT_STANDARD_LIBRARIES = YES;
				BUNDLE_LOADER = "$(TEST_HOST)";
				CODE_SIGN_STYLE = Automatic;
				CURRENT_PROJECT_VERSION = 1;
				DEVELOPMENT_TEAM = 5DC4JXC283;
				GENERATE_INFOPLIST_FILE = YES;
				IPHONEOS_DEPLOYMENT_TARGET = 16.2;
				MARKETING_VERSION = 1.0;
				PRODUCT_BUNDLE_IDENTIFIER = Tipton.CapstoneTests;
				PRODUCT_NAME = "$(TARGET_NAME)";
				SWIFT_EMIT_LOC_STRINGS = NO;
				SWIFT_VERSION = 5.0;
				TARGETED_DEVICE_FAMILY = "1,2";
				TEST_HOST = "$(BUILT_PRODUCTS_DIR)/Capstone.app/$(BUNDLE_EXECUTABLE_FOLDER_PATH)/Capstone";
			};
			name = Debug;
		};
		37D5681C298859730004AF45 /* Release */ = {
			isa = XCBuildConfiguration;
			buildSettings = {
				ALWAYS_EMBED_SWIFT_STANDARD_LIBRARIES = YES;
				BUNDLE_LOADER = "$(TEST_HOST)";
				CODE_SIGN_STYLE = Automatic;
				CURRENT_PROJECT_VERSION = 1;
				DEVELOPMENT_TEAM = 5DC4JXC283;
				GENERATE_INFOPLIST_FILE = YES;
				IPHONEOS_DEPLOYMENT_TARGET = 16.2;
				MARKETING_VERSION = 1.0;
				PRODUCT_BUNDLE_IDENTIFIER = Tipton.CapstoneTests;
				PRODUCT_NAME = "$(TARGET_NAME)";
				SWIFT_EMIT_LOC_STRINGS = NO;
				SWIFT_VERSION = 5.0;
				TARGETED_DEVICE_FAMILY = "1,2";
				TEST_HOST = "$(BUILT_PRODUCTS_DIR)/Capstone.app/$(BUNDLE_EXECUTABLE_FOLDER_PATH)/Capstone";
			};
			name = Release;
		};
		37D5681E298859730004AF45 /* Debug */ = {
			isa = XCBuildConfiguration;
			buildSettings = {
				ALWAYS_EMBED_SWIFT_STANDARD_LIBRARIES = YES;
				CODE_SIGN_STYLE = Automatic;
				CURRENT_PROJECT_VERSION = 1;
				DEVELOPMENT_TEAM = 5DC4JXC283;
				GENERATE_INFOPLIST_FILE = YES;
				MARKETING_VERSION = 1.0;
				PRODUCT_BUNDLE_IDENTIFIER = Tipton.CapstoneUITests;
				PRODUCT_NAME = "$(TARGET_NAME)";
				SWIFT_EMIT_LOC_STRINGS = NO;
				SWIFT_VERSION = 5.0;
				TARGETED_DEVICE_FAMILY = "1,2";
				TEST_TARGET_NAME = Capstone;
			};
			name = Debug;
		};
		37D5681F298859730004AF45 /* Release */ = {
			isa = XCBuildConfiguration;
			buildSettings = {
				ALWAYS_EMBED_SWIFT_STANDARD_LIBRARIES = YES;
				CODE_SIGN_STYLE = Automatic;
				CURRENT_PROJECT_VERSION = 1;
				DEVELOPMENT_TEAM = 5DC4JXC283;
				GENERATE_INFOPLIST_FILE = YES;
				MARKETING_VERSION = 1.0;
				PRODUCT_BUNDLE_IDENTIFIER = Tipton.CapstoneUITests;
				PRODUCT_NAME = "$(TARGET_NAME)";
				SWIFT_EMIT_LOC_STRINGS = NO;
				SWIFT_VERSION = 5.0;
				TARGETED_DEVICE_FAMILY = "1,2";
				TEST_TARGET_NAME = Capstone;
			};
			name = Release;
		};
/* End XCBuildConfiguration section */

/* Begin XCConfigurationList section */
		37D567EE2988596E0004AF45 /* Build configuration list for PBXProject "Capstone" */ = {
			isa = XCConfigurationList;
			buildConfigurations = (
				37D56815298859730004AF45 /* Debug */,
				37D56816298859730004AF45 /* Release */,
			);
			defaultConfigurationIsVisible = 0;
			defaultConfigurationName = Release;
		};
		37D56817298859730004AF45 /* Build configuration list for PBXNativeTarget "Capstone" */ = {
			isa = XCConfigurationList;
			buildConfigurations = (
				37D56818298859730004AF45 /* Debug */,
				37D56819298859730004AF45 /* Release */,
			);
			defaultConfigurationIsVisible = 0;
			defaultConfigurationName = Release;
		};
		37D5681A298859730004AF45 /* Build configuration list for PBXNativeTarget "CapstoneTests" */ = {
			isa = XCConfigurationList;
			buildConfigurations = (
				37D5681B298859730004AF45 /* Debug */,
				37D5681C298859730004AF45 /* Release */,
			);
			defaultConfigurationIsVisible = 0;
			defaultConfigurationName = Release;
		};
		37D5681D298859730004AF45 /* Build configuration list for PBXNativeTarget "CapstoneUITests" */ = {
			isa = XCConfigurationList;
			buildConfigurations = (
				37D5681E298859730004AF45 /* Debug */,
				37D5681F298859730004AF45 /* Release */,
			);
			defaultConfigurationIsVisible = 0;
			defaultConfigurationName = Release;
		};
/* End XCConfigurationList section */

/* Begin XCRemoteSwiftPackageReference section */
		292D1B73298B1834003F7A6A /* XCRemoteSwiftPackageReference "firebase-ios-sdk" */ = {
			isa = XCRemoteSwiftPackageReference;
			repositoryURL = "https://github.com/firebase/firebase-ios-sdk";
			requirement = {
				kind = upToNextMajorVersion;
				minimumVersion = 9.0.0;
			};
		};
/* End XCRemoteSwiftPackageReference section */

/* Begin XCSwiftPackageProductDependency section */
		292D1B74298B1834003F7A6A /* FirebaseFirestore */ = {
			isa = XCSwiftPackageProductDependency;
			package = 292D1B73298B1834003F7A6A /* XCRemoteSwiftPackageReference "firebase-ios-sdk" */;
			productName = FirebaseFirestore;
		};
		292D1B76298B1834003F7A6A /* FirebaseStorage */ = {
			isa = XCSwiftPackageProductDependency;
			package = 292D1B73298B1834003F7A6A /* XCRemoteSwiftPackageReference "firebase-ios-sdk" */;
			productName = FirebaseStorage;
		};
/* End XCSwiftPackageProductDependency section */
	};
	rootObject = 37D567EB2988596E0004AF45 /* Project object */;
}
